
Microsoft Visual Studio Solution File, Format Version 12.00
# Visual Studio Version 17
VisualStudioVersion = 17.8.34330.188
MinimumVisualStudioVersion = 10.0.40219.1
Project("{FAE04EC0-301F-11D3-BF4B-00C04F79EFBC}") = "SampleMauiApp", "SampleMauiApp\SampleMauiApp.csproj", "{C626C52E-1352-4260-AA90-4D4D40F9C958}"
EndProject
Project("{FAE04EC0-301F-11D3-BF4B-00C04F79EFBC}") = "SampleMauiApp.Test", "SampleMauiApp.Test\SampleMauiApp.Test.csproj", "{01FCD2E5-23C2-48B9-A24B-38A8E1BCD5BC}"
EndProject
Global
	GlobalSection(SolutionConfigurationPlatforms) = preSolution
		Debug|Any CPU = Debug|Any CPU
		Release|Any CPU = Release|Any CPU
	EndGlobalSection
	GlobalSection(ProjectConfigurationPlatforms) = postSolution
		{C626C52E-1352-4260-AA90-4D4D40F9C958}.Debug|Any CPU.ActiveCfg = Debug|Any CPU
		{C626C52E-1352-4260-AA90-4D4D40F9C958}.Debug|Any CPU.Build.0 = Debug|Any CPU
		{C626C52E-1352-4260-AA90-4D4D40F9C958}.Debug|Any CPU.Deploy.0 = Debug|Any CPU
		{C626C52E-1352-4260-AA90-4D4D40F9C958}.Release|Any CPU.ActiveCfg = Release|Any CPU
		{C626C52E-1352-4260-AA90-4D4D40F9C958}.Release|Any CPU.Build.0 = Release|Any CPU
		{C626C52E-1352-4260-AA90-4D4D40F9C958}.Release|Any CPU.Deploy.0 = Release|Any CPU
		{01FCD2E5-23C2-48B9-A24B-38A8E1BCD5BC}.Debug|Any CPU.ActiveCfg = Debug|Any CPU
		{01FCD2E5-23C2-48B9-A24B-38A8E1BCD5BC}.Debug|Any CPU.Build.0 = Debug|Any CPU
		{01FCD2E5-23C2-48B9-A24B-38A8E1BCD5BC}.Release|Any CPU.ActiveCfg = Release|Any CPU
		{01FCD2E5-23C2-48B9-A24B-38A8E1BCD5BC}.Release|Any CPU.Build.0 = Release|Any CPU
	EndGlobalSection
	GlobalSection(SolutionProperties) = preSolution
		HideSolutionNode = FALSE
	EndGlobalSection
	GlobalSection(ExtensibilityGlobals) = postSolution
		SolutionGuid = {C1800432-A51F-43AC-8352-7A6E0A81996A}
	EndGlobalSection
EndGlobal
